
Microsoft Visual Studio Solution File, Format Version 12.00
# Visual Studio Version 17
VisualStudioVersion = 17.3.32901.215
MinimumVisualStudioVersion = 10.0.40219.1
Project("{FAE04EC0-301F-11D3-BF4B-00C04F79EFBC}") = "Guitar Tuner.Android", "Guitar Tuner\Guitar Tuner.Android\Guitar Tuner.Android.csproj", "{7FBF6B02-C390-4B69-8D2D-0038EDB8758F}"
EndProject
Project("{FAE04EC0-301F-11D3-BF4B-00C04F79EFBC}") = "Guitar Tuner.iOS", "Guitar Tuner\Guitar Tuner.iOS\Guitar Tuner.iOS.csproj", "{DA1E2EBB-CFD3-42FF-B5BB-B732A97339FC}"
EndProject
Project("{FAE04EC0-301F-11D3-BF4B-00C04F79EFBC}") = "Guitar Tuner", "Guitar Tuner\Guitar Tuner\Guitar Tuner.csproj", "{CF39D565-C41A-4CCA-8D25-CA4CA9961AF8}"
EndProject
Global
	GlobalSection(SolutionConfigurationPlatforms) = preSolution
		Debug|Any CPU = Debug|Any CPU
		Debug|iPhone = Debug|iPhone
		Debug|iPhoneSimulator = Debug|iPhoneSimulator
		Release|Any CPU = Release|Any CPU
		Release|iPhone = Release|iPhone
		Release|iPhoneSimulator = Release|iPhoneSimulator
	EndGlobalSection
	GlobalSection(ProjectConfigurationPlatforms) = postSolution
		{7FBF6B02-C390-4B69-8D2D-0038EDB8758F}.Debug|Any CPU.ActiveCfg = Debug|Any CPU
		{7FBF6B02-C390-4B69-8D2D-0038EDB8758F}.Debug|Any CPU.Build.0 = Debug|Any CPU
		{7FBF6B02-C390-4B69-8D2D-0038EDB8758F}.Debug|Any CPU.Deploy.0 = Debug|Any CPU
		{7FBF6B02-C390-4B69-8D2D-0038EDB8758F}.Debug|iPhone.ActiveCfg = Debug|Any CPU
		{7FBF6B02-C390-4B69-8D2D-0038EDB8758F}.Debug|iPhone.Build.0 = Debug|Any CPU
		{7FBF6B02-C390-4B69-8D2D-0038EDB8758F}.Debug|iPhone.Deploy.0 = Debug|Any CPU
		{7FBF6B02-C390-4B69-8D2D-0038EDB8758F}.Debug|iPhoneSimulator.ActiveCfg = Debug|Any CPU
		{7FBF6B02-C390-4B69-8D2D-0038EDB8758F}.Debug|iPhoneSimulator.Build.0 = Debug|Any CPU
		{7FBF6B02-C390-4B69-8D2D-0038EDB8758F}.Debug|iPhoneSimulator.Deploy.0 = Debug|Any CPU
		{7FBF6B02-C390-4B69-8D2D-0038EDB8758F}.Release|Any CPU.ActiveCfg = Release|Any CPU
		{7FBF6B02-C390-4B69-8D2D-0038EDB8758F}.Release|Any CPU.Build.0 = Release|Any CPU
		{7FBF6B02-C390-4B69-8D2D-0038EDB8758F}.Release|Any CPU.Deploy.0 = Release|Any CPU
		{7FBF6B02-C390-4B69-8D2D-0038EDB8758F}.Release|iPhone.ActiveCfg = Release|Any CPU
		{7FBF6B02-C390-4B69-8D2D-0038EDB8758F}.Release|iPhone.Build.0 = Release|Any CPU
		{7FBF6B02-C390-4B69-8D2D-0038EDB8758F}.Release|iPhone.Deploy.0 = Release|Any CPU
		{7FBF6B02-C390-4B69-8D2D-0038EDB8758F}.Release|iPhoneSimulator.ActiveCfg = Release|Any CPU
		{7FBF6B02-C390-4B69-8D2D-0038EDB8758F}.Release|iPhoneSimulator.Build.0 = Release|Any CPU
		{7FBF6B02-C390-4B69-8D2D-0038EDB8758F}.Release|iPhoneSimulator.Deploy.0 = Release|Any CPU
		{DA1E2EBB-CFD3-42FF-B5BB-B732A97339FC}.Debug|Any CPU.ActiveCfg = Debug|iPhone
		{DA1E2EBB-CFD3-42FF-B5BB-B732A97339FC}.Debug|Any CPU.Build.0 = Debug|iPhone
		{DA1E2EBB-CFD3-42FF-B5BB-B732A97339FC}.Debug|Any CPU.Deploy.0 = Debug|iPhone
		{DA1E2EBB-CFD3-42FF-B5BB-B732A97339FC}.Debug|iPhone.ActiveCfg = Debug|iPhone
		{DA1E2EBB-CFD3-42FF-B5BB-B732A97339FC}.Debug|iPhone.Build.0 = Debug|iPhone
		{DA1E2EBB-CFD3-42FF-B5BB-B732A97339FC}.Debug|iPhone.Deploy.0 = Debug|iPhone
		{DA1E2EBB-CFD3-42FF-B5BB-B732A97339FC}.Debug|iPhoneSimulator.ActiveCfg = Debug|iPhoneSimulator
		{DA1E2EBB-CFD3-42FF-B5BB-B732A97339FC}.Debug|iPhoneSimulator.Build.0 = Debug|iPhoneSimulator
		{DA1E2EBB-CFD3-42FF-B5BB-B732A97339FC}.Debug|iPhoneSimulator.Deploy.0 = Debug|iPhoneSimulator
		{DA1E2EBB-CFD3-42FF-B5BB-B732A97339FC}.Release|Any CPU.ActiveCfg = Release|iPhoneSimulator
		{DA1E2EBB-CFD3-42FF-B5BB-B732A97339FC}.Release|Any CPU.Build.0 = Release|iPhoneSimulator
		{DA1E2EBB-CFD3-42FF-B5BB-B732A97339FC}.Release|Any CPU.Deploy.0 = Release|iPhoneSimulator
		{DA1E2EBB-CFD3-42FF-B5BB-B732A97339FC}.Release|iPhone.ActiveCfg = Release|iPhone
		{DA1E2EBB-CFD3-42FF-B5BB-B732A97339FC}.Release|iPhone.Build.0 = Release|iPhone
		{DA1E2EBB-CFD3-42FF-B5BB-B732A97339FC}.Release|iPhone.Deploy.0 = Release|iPhone
		{DA1E2EBB-CFD3-42FF-B5BB-B732A97339FC}.Release|iPhoneSimulator.ActiveCfg = Release|iPhoneSimulator
		{DA1E2EBB-CFD3-42FF-B5BB-B732A97339FC}.Release|iPhoneSimulator.Build.0 = Release|iPhoneSimulator
		{DA1E2EBB-CFD3-42FF-B5BB-B732A97339FC}.Release|iPhoneSimulator.Deploy.0 = Release|iPhoneSimulator
		{CF39D565-C41A-4CCA-8D25-CA4CA9961AF8}.Debug|Any CPU.ActiveCfg = Debug|Any CPU
		{CF39D565-C41A-4CCA-8D25-CA4CA9961AF8}.Debug|Any CPU.Build.0 = Debug|Any CPU
		{CF39D565-C41A-4CCA-8D25-CA4CA9961AF8}.Debug|Any CPU.Deploy.0 = Debug|Any CPU
		{CF39D565-C41A-4CCA-8D25-CA4CA9961AF8}.Debug|iPhone.ActiveCfg = Debug|Any CPU
		{CF39D565-C41A-4CCA-8D25-CA4CA9961AF8}.Debug|iPhone.Build.0 = Debug|Any CPU
		{CF39D565-C41A-4CCA-8D25-CA4CA9961AF8}.Debug|iPhone.Deploy.0 = Debug|Any CPU
		{CF39D565-C41A-4CCA-8D25-CA4CA9961AF8}.Debug|iPhoneSimulator.ActiveCfg = Debug|Any CPU
		{CF39D565-C41A-4CCA-8D25-CA4CA9961AF8}.Debug|iPhoneSimulator.Build.0 = Debug|Any CPU
		{CF39D565-C41A-4CCA-8D25-CA4CA9961AF8}.Debug|iPhoneSimulator.Deploy.0 = Debug|Any CPU
		{CF39D565-C41A-4CCA-8D25-CA4CA9961AF8}.Release|Any CPU.ActiveCfg = Release|Any CPU
		{CF39D565-C41A-4CCA-8D25-CA4CA9961AF8}.Release|Any CPU.Build.0 = Release|Any CPU
		{CF39D565-C41A-4CCA-8D25-CA4CA9961AF8}.Release|Any CPU.Deploy.0 = Release|Any CPU
		{CF39D565-C41A-4CCA-8D25-CA4CA9961AF8}.Release|iPhone.ActiveCfg = Release|Any CPU
		{CF39D565-C41A-4CCA-8D25-CA4CA9961AF8}.Release|iPhone.Build.0 = Release|Any CPU
		{CF39D565-C41A-4CCA-8D25-CA4CA9961AF8}.Release|iPhone.Deploy.0 = Release|Any CPU
		{CF39D565-C41A-4CCA-8D25-CA4CA9961AF8}.Release|iPhoneSimulator.ActiveCfg = Release|Any CPU
		{CF39D565-C41A-4CCA-8D25-CA4CA9961AF8}.Release|iPhoneSimulator.Build.0 = Release|Any CPU
		{CF39D565-C41A-4CCA-8D25-CA4CA9961AF8}.Release|iPhoneSimulator.Deploy.0 = Release|Any CPU
	EndGlobalSection
	GlobalSection(SolutionProperties) = preSolution
		HideSolutionNode = FALSE
	EndGlobalSection
	GlobalSection(ExtensibilityGlobals) = postSolution
		SolutionGuid = {E882F483-1458-454B-93FF-1890700297B2}
	EndGlobalSection
EndGlobal
